// !$*UTF8*$!
{
	archiveVersion = 1;
	classes = {
	};
	objectVersion = 46;
	objects = {

/* Begin PBXBuildFile section */
		FF88FC681C868C5500335D11 /* AppDelegate.swift in Sources */ = {isa = PBXBuildFile; fileRef = FF88FC671C868C5500335D11 /* AppDelegate.swift */; };
		FF88FC6A1C868C5500335D11 /* FilterViewController.swift in Sources */ = {isa = PBXBuildFile; fileRef = FF88FC691C868C5500335D11 /* FilterViewController.swift */; };
		FF88FC701C868C5500335D11 /* BDS.xcdatamodeld in Sources */ = {isa = PBXBuildFile; fileRef = FF88FC6E1C868C5500335D11 /* BDS.xcdatamodeld */; };
		FF88FC721C868C5500335D11 /* Assets.xcassets in Resources */ = {isa = PBXBuildFile; fileRef = FF88FC711C868C5500335D11 /* Assets.xcassets */; };
		FF88FC751C868C5500335D11 /* LaunchScreen.storyboard in Resources */ = {isa = PBXBuildFile; fileRef = FF88FC731C868C5500335D11 /* LaunchScreen.storyboard */; };
		FF88FC7D1C868C6400335D11 /* MTLib in Resources */ = {isa = PBXBuildFile; fileRef = FF88FC7C1C868C6400335D11 /* MTLib */; };
		FF88FC801C868CD100335D11 /* BaseViewController.swift in Sources */ = {isa = PBXBuildFile; fileRef = FF88FC7F1C868CD100335D11 /* BaseViewController.swift */; };
		FF88FC821C868CE500335D11 /* MTAutoLayout.swift in Sources */ = {isa = PBXBuildFile; fileRef = FF88FC811C868CE500335D11 /* MTAutoLayout.swift */; };
		FF88FC841C868CEE00335D11 /* AppSettings.swift in Sources */ = {isa = PBXBuildFile; fileRef = FF88FC831C868CEE00335D11 /* AppSettings.swift */; };
		FF88FC861C868CF900335D11 /* StringExtension.swift in Sources */ = {isa = PBXBuildFile; fileRef = FF88FC851C868CF900335D11 /* StringExtension.swift */; };
		FF88FC881C86907000335D11 /* UserDefaultConverter.swift in Sources */ = {isa = PBXBuildFile; fileRef = FF88FC871C86907000335D11 /* UserDefaultConverter.swift */; };
		FF88FC8A1C86916000335D11 /* UIColorExtension.swift in Sources */ = {isa = PBXBuildFile; fileRef = FF88FC891C86916000335D11 /* UIColorExtension.swift */; };
		FF88FC8C1C86966300335D11 /* UIViewExtension.swift in Sources */ = {isa = PBXBuildFile; fileRef = FF88FC8B1C86966300335D11 /* UIViewExtension.swift */; };
		FF88FC8E1C86A59100335D11 /* EstatePopView.swift in Sources */ = {isa = PBXBuildFile; fileRef = FF88FC8D1C86A59100335D11 /* EstatePopView.swift */; };
		FF88FC901C86B90300335D11 /* ActionSheet.swift in Sources */ = {isa = PBXBuildFile; fileRef = FF88FC8F1C86B90300335D11 /* ActionSheet.swift */; };
		FF88FC921C86B99400335D11 /* MTGetCGRectFromView.swift in Sources */ = {isa = PBXBuildFile; fileRef = FF88FC911C86B99400335D11 /* MTGetCGRectFromView.swift */; };
		FF88FC941C86B9B100335D11 /* MTManualLayout.swift in Sources */ = {isa = PBXBuildFile; fileRef = FF88FC931C86B9B100335D11 /* MTManualLayout.swift */; };
		FF88FC961C86BE6000335D11 /* DetailViewController.swift in Sources */ = {isa = PBXBuildFile; fileRef = FF88FC951C86BE6000335D11 /* DetailViewController.swift */; };
/* End PBXBuildFile section */

/* Begin PBXFileReference section */
		FF88FC641C868C5500335D11 /* BDS.app */ = {isa = PBXFileReference; explicitFileType = wrapper.application; includeInIndex = 0; path = BDS.app; sourceTree = BUILT_PRODUCTS_DIR; };
		FF88FC671C868C5500335D11 /* AppDelegate.swift */ = {isa = PBXFileReference; lastKnownFileType = sourcecode.swift; path = AppDelegate.swift; sourceTree = "<group>"; };
		FF88FC691C868C5500335D11 /* FilterViewController.swift */ = {isa = PBXFileReference; lastKnownFileType = sourcecode.swift; path = FilterViewController.swift; sourceTree = "<group>"; };
		FF88FC6F1C868C5500335D11 /* BDS.xcdatamodel */ = {isa = PBXFileReference; lastKnownFileType = wrapper.xcdatamodel; path = BDS.xcdatamodel; sourceTree = "<group>"; };
		FF88FC711C868C5500335D11 /* Assets.xcassets */ = {isa = PBXFileReference; lastKnownFileType = folder.assetcatalog; path = Assets.xcassets; sourceTree = "<group>"; };
		FF88FC741C868C5500335D11 /* Base */ = {isa = PBXFileReference; lastKnownFileType = file.storyboard; name = Base; path = Base.lproj/LaunchScreen.storyboard; sourceTree = "<group>"; };
		FF88FC761C868C5500335D11 /* Info.plist */ = {isa = PBXFileReference; lastKnownFileType = text.plist.xml; path = Info.plist; sourceTree = "<group>"; };
		FF88FC7C1C868C6400335D11 /* MTLib */ = {isa = PBXFileReference; lastKnownFileType = folder; name = MTLib; path = ../../../Desktop/MTLib; sourceTree = "<group>"; };
		FF88FC7F1C868CD100335D11 /* BaseViewController.swift */ = {isa = PBXFileReference; fileEncoding = 4; lastKnownFileType = sourcecode.swift; name = BaseViewController.swift; path = ../../../Desktop/MTLib/BaseViewController.swift; sourceTree = "<group>"; };
		FF88FC811C868CE500335D11 /* MTAutoLayout.swift */ = {isa = PBXFileReference; fileEncoding = 4; lastKnownFileType = sourcecode.swift; name = MTAutoLayout.swift; path = ../../../Desktop/MTLib/MTAutoLayout.swift; sourceTree = "<group>"; };
		FF88FC831C868CEE00335D11 /* AppSettings.swift */ = {isa = PBXFileReference; fileEncoding = 4; lastKnownFileType = sourcecode.swift; name = AppSettings.swift; path = ../../../Desktop/MTLib/AppSettings.swift; sourceTree = "<group>"; };
		FF88FC851C868CF900335D11 /* StringExtension.swift */ = {isa = PBXFileReference; fileEncoding = 4; lastKnownFileType = sourcecode.swift; name = StringExtension.swift; path = ../../../Desktop/MTLib/StringExtension.swift; sourceTree = "<group>"; };
		FF88FC871C86907000335D11 /* UserDefaultConverter.swift */ = {isa = PBXFileReference; fileEncoding = 4; lastKnownFileType = sourcecode.swift; name = UserDefaultConverter.swift; path = ../../../Desktop/MTLib/UserDefaultConverter.swift; sourceTree = "<group>"; };
		FF88FC891C86916000335D11 /* UIColorExtension.swift */ = {isa = PBXFileReference; fileEncoding = 4; lastKnownFileType = sourcecode.swift; name = UIColorExtension.swift; path = ../../../Desktop/MTLib/UIColorExtension.swift; sourceTree = "<group>"; };
		FF88FC8B1C86966300335D11 /* UIViewExtension.swift */ = {isa = PBXFileReference; fileEncoding = 4; lastKnownFileType = sourcecode.swift; name = UIViewExtension.swift; path = ../../../Desktop/MTLib/UIViewExtension.swift; sourceTree = "<group>"; };
		FF88FC8D1C86A59100335D11 /* EstatePopView.swift */ = {isa = PBXFileReference; fileEncoding = 4; lastKnownFileType = sourcecode.swift; path = EstatePopView.swift; sourceTree = "<group>"; };
		FF88FC8F1C86B90300335D11 /* ActionSheet.swift */ = {isa = PBXFileReference; fileEncoding = 4; lastKnownFileType = sourcecode.swift; name = ActionSheet.swift; path = ../../../Desktop/MTLib/ActionSheet.swift; sourceTree = "<group>"; };
		FF88FC911C86B99400335D11 /* MTGetCGRectFromView.swift */ = {isa = PBXFileReference; fileEncoding = 4; lastKnownFileType = sourcecode.swift; name = MTGetCGRectFromView.swift; path = ../../../Desktop/MTLib/MTGetCGRectFromView.swift; sourceTree = "<group>"; };
		FF88FC931C86B9B100335D11 /* MTManualLayout.swift */ = {isa = PBXFileReference; fileEncoding = 4; lastKnownFileType = sourcecode.swift; name = MTManualLayout.swift; path = ../../../Desktop/MTLib/MTManualLayout.swift; sourceTree = "<group>"; };
		FF88FC951C86BE6000335D11 /* DetailViewController.swift */ = {isa = PBXFileReference; fileEncoding = 4; lastKnownFileType = sourcecode.swift; path = DetailViewController.swift; sourceTree = "<group>"; };
/* End PBXFileReference section */

/* Begin PBXFrameworksBuildPhase section */
		FF88FC611C868C5500335D11 /* Frameworks */ = {
			isa = PBXFrameworksBuildPhase;
			buildActionMask = 2147483647;
			files = (
			);
			runOnlyForDeploymentPostprocessing = 0;
		};
/* End PBXFrameworksBuildPhase section */

/* Begin PBXGroup section */
		FF88FC5B1C868C5500335D11 = {
			isa = PBXGroup;
			children = (
				FF88FC661C868C5500335D11 /* BDS */,
				FF88FC651C868C5500335D11 /* Products */,
			);
			sourceTree = "<group>";
		};
		FF88FC651C868C5500335D11 /* Products */ = {
			isa = PBXGroup;
			children = (
				FF88FC641C868C5500335D11 /* BDS.app */,
			);
			name = Products;
			sourceTree = "<group>";
		};
		FF88FC661C868C5500335D11 /* BDS */ = {
			isa = PBXGroup;
			children = (
				FF88FC7C1C868C6400335D11 /* MTLib */,
				FF88FC7E1C868CA700335D11 /* Lib */,
				FF88FC691C868C5500335D11 /* FilterViewController.swift */,
				FF88FC951C86BE6000335D11 /* DetailViewController.swift */,
				FF88FC8D1C86A59100335D11 /* EstatePopView.swift */,
				FF88FC671C868C5500335D11 /* AppDelegate.swift */,
				FF88FC711C868C5500335D11 /* Assets.xcassets */,
				FF88FC731C868C5500335D11 /* LaunchScreen.storyboard */,
				FF88FC761C868C5500335D11 /* Info.plist */,
				FF88FC6E1C868C5500335D11 /* BDS.xcdatamodeld */,
			);
			path = BDS;
			sourceTree = "<group>";
		};
		FF88FC7E1C868CA700335D11 /* Lib */ = {
			isa = PBXGroup;
			children = (
				FF88FC931C86B9B100335D11 /* MTManualLayout.swift */,
				FF88FC911C86B99400335D11 /* MTGetCGRectFromView.swift */,
				FF88FC8B1C86966300335D11 /* UIViewExtension.swift */,
				FF88FC891C86916000335D11 /* UIColorExtension.swift */,
				FF88FC871C86907000335D11 /* UserDefaultConverter.swift */,
				FF88FC851C868CF900335D11 /* StringExtension.swift */,
				FF88FC831C868CEE00335D11 /* AppSettings.swift */,
				FF88FC811C868CE500335D11 /* MTAutoLayout.swift */,
				FF88FC8F1C86B90300335D11 /* ActionSheet.swift */,
				FF88FC7F1C868CD100335D11 /* BaseViewController.swift */,
			);
			name = Lib;
			sourceTree = "<group>";
		};
/* End PBXGroup section */

/* Begin PBXNativeTarget section */
		FF88FC631C868C5500335D11 /* BDS */ = {
			isa = PBXNativeTarget;
			buildConfigurationList = FF88FC791C868C5500335D11 /* Build configuration list for PBXNativeTarget "BDS" */;
			buildPhases = (
				FF88FC601C868C5500335D11 /* Sources */,
				FF88FC611C868C5500335D11 /* Frameworks */,
				FF88FC621C868C5500335D11 /* Resources */,
			);
			buildRules = (
			);
			dependencies = (
			);
			name = BDS;
			productName = BDS;
			productReference = FF88FC641C868C5500335D11 /* BDS.app */;
			productType = "com.apple.product-type.application";
		};
/* End PBXNativeTarget section */

/* Begin PBXProject section */
		FF88FC5C1C868C5500335D11 /* Project object */ = {
			isa = PBXProject;
			attributes = {
				LastSwiftUpdateCheck = 0720;
				LastUpgradeCheck = 0720;
				ORGANIZATIONNAME = "Trương Thắng";
				TargetAttributes = {
					FF88FC631C868C5500335D11 = {
						CreatedOnToolsVersion = 7.2.1;
						DevelopmentTeam = 8Y23SWEH85;
					};
				};
			};
			buildConfigurationList = FF88FC5F1C868C5500335D11 /* Build configuration list for PBXProject "BDS" */;
			compatibilityVersion = "Xcode 3.2";
			developmentRegion = English;
			hasScannedForEncodings = 0;
			knownRegions = (
				en,
				Base,
			);
			mainGroup = FF88FC5B1C868C5500335D11;
			productRefGroup = FF88FC651C868C5500335D11 /* Products */;
			projectDirPath = "";
			projectRoot = "";
			targets = (
				FF88FC631C868C5500335D11 /* BDS */,
			);
		};
/* End PBXProject section */

/* Begin PBXResourcesBuildPhase section */
		FF88FC621C868C5500335D11 /* Resources */ = {
			isa = PBXResourcesBuildPhase;
			buildActionMask = 2147483647;
			files = (
				FF88FC751C868C5500335D11 /* LaunchScreen.storyboard in Resources */,
				FF88FC7D1C868C6400335D11 /* MTLib in Resources */,
				FF88FC721C868C5500335D11 /* Assets.xcassets in Resources */,
			);
			runOnlyForDeploymentPostprocessing = 0;
		};
/* End PBXResourcesBuildPhase section */

/* Begin PBXSourcesBuildPhase section */
		FF88FC601C868C5500335D11 /* Sources */ = {
			isa = PBXSourcesBuildPhase;
			buildActionMask = 2147483647;
			files = (
				FF88FC961C86BE6000335D11 /* DetailViewController.swift in Sources */,
				FF88FC8C1C86966300335D11 /* UIViewExtension.swift in Sources */,
				FF88FC8E1C86A59100335D11 /* EstatePopView.swift in Sources */,
				FF88FC701C868C5500335D11 /* BDS.xcdatamodeld in Sources */,
				FF88FC881C86907000335D11 /* UserDefaultConverter.swift in Sources */,
				FF88FC921C86B99400335D11 /* MTGetCGRectFromView.swift in Sources */,
				FF88FC861C868CF900335D11 /* StringExtension.swift in Sources */,
				FF88FC801C868CD100335D11 /* BaseViewController.swift in Sources */,
				FF88FC841C868CEE00335D11 /* AppSettings.swift in Sources */,
				FF88FC941C86B9B100335D11 /* MTManualLayout.swift in Sources */,
				FF88FC901C86B90300335D11 /* ActionSheet.swift in Sources */,
				FF88FC8A1C86916000335D11 /* UIColorExtension.swift in Sources */,
				FF88FC6A1C868C5500335D11 /* FilterViewController.swift in Sources */,
				FF88FC681C868C5500335D11 /* AppDelegate.swift in Sources */,
				FF88FC821C868CE500335D11 /* MTAutoLayout.swift in Sources */,
			);
			runOnlyForDeploymentPostprocessing = 0;
		};
/* End PBXSourcesBuildPhase section */

/* Begin PBXVariantGroup section */
		FF88FC731C868C5500335D11 /* LaunchScreen.storyboard */ = {
			isa = PBXVariantGroup;
			children = (
				FF88FC741C868C5500335D11 /* Base */,
			);
			name = LaunchScreen.storyboard;
			sourceTree = "<group>";
		};
/* End PBXVariantGroup section */

/* Begin XCBuildConfiguration section */
		FF88FC771C868C5500335D11 /* Debug */ = {
			isa = XCBuildConfiguration;
			buildSettings = {
				ALWAYS_SEARCH_USER_PATHS = NO;
				CLANG_CXX_LANGUAGE_STANDARD = "gnu++0x";
				CLANG_CXX_LIBRARY = "libc++";
				CLANG_ENABLE_MODULES = YES;
				CLANG_ENABLE_OBJC_ARC = YES;
				CLANG_WARN_BOOL_CONVERSION = YES;
				CLANG_WARN_CONSTANT_CONVERSION = YES;
				CLANG_WARN_DIRECT_OBJC_ISA_USAGE = YES_ERROR;
				CLANG_WARN_EMPTY_BODY = YES;
				CLANG_WARN_ENUM_CONVERSION = YES;
				CLANG_WARN_INT_CONVERSION = YES;
				CLANG_WARN_OBJC_ROOT_CLASS = YES_ERROR;
				CLANG_WARN_UNREACHABLE_CODE = YES;
				CLANG_WARN__DUPLICATE_METHOD_MATCH = YES;
				"CODE_SIGN_IDENTITY[sdk=iphoneos*]" = "iPhone Developer";
				COPY_PHASE_STRIP = NO;
				DEBUG_INFORMATION_FORMAT = dwarf;
				ENABLE_STRICT_OBJC_MSGSEND = YES;
				ENABLE_TESTABILITY = YES;
				GCC_C_LANGUAGE_STANDARD = gnu99;
				GCC_DYNAMIC_NO_PIC = NO;
				GCC_NO_COMMON_BLOCKS = YES;
				GCC_OPTIMIZATION_LEVEL = 0;
				GCC_PREPROCESSOR_DEFINITIONS = (
					"DEBUG=1",
					"$(inherited)",
				);
				GCC_WARN_64_TO_32_BIT_CONVERSION = YES;
				GCC_WARN_ABOUT_RETURN_TYPE = YES_ERROR;
				GCC_WARN_UNDECLARED_SELECTOR = YES;
				GCC_WARN_UNINITIALIZED_AUTOS = YES_AGGRESSIVE;
				GCC_WARN_UNUSED_FUNCTION = YES;
				GCC_WARN_UNUSED_VARIABLE = YES;
				IPHONEOS_DEPLOYMENT_TARGET = 9.2;
				MTL_ENABLE_DEBUG_INFO = YES;
				ONLY_ACTIVE_ARCH = YES;
				SDKROOT = iphoneos;
				SWIFT_OPTIMIZATION_LEVEL = "-Onone";
			};
			name = Debug;
		};
		FF88FC781C868C5500335D11 /* Release */ = {
			isa = XCBuildConfiguration;
			buildSettings = {
				ALWAYS_SEARCH_USER_PATHS = NO;
				CLANG_CXX_LANGUAGE_STANDARD = "gnu++0x";
				CLANG_CXX_LIBRARY = "libc++";
				CLANG_ENABLE_MODULES = YES;
				CLANG_ENABLE_OBJC_ARC = YES;
				CLANG_WARN_BOOL_CONVERSION = YES;
				CLANG_WARN_CONSTANT_CONVERSION = YES;
				CLANG_WARN_DIRECT_OBJC_ISA_USAGE = YES_ERROR;
				CLANG_WARN_EMPTY_BODY = YES;
				CLANG_WARN_ENUM_CONVERSION = YES;
				CLANG_WARN_INT_CONVERSION = YES;
				CLANG_WARN_OBJC_ROOT_CLASS = YES_ERROR;
				CLANG_WARN_UNREACHABLE_CODE = YES;
				CLANG_WARN__DUPLICATE_METHOD_MATCH = YES;
				"CODE_SIGN_IDENTITY[sdk=iphoneos*]" = "iPhone Developer";
				COPY_PHASE_STRIP = NO;
				DEBUG_INFORMATION_FORMAT = "dwarf-with-dsym";
				ENABLE_NS_ASSERTIONS = NO;
				ENABLE_STRICT_OBJC_MSGSEND = YES;
				GCC_C_LANGUAGE_STANDARD = gnu99;
				GCC_NO_COMMON_BLOCKS = YES;
				GCC_WARN_64_TO_32_BIT_CONVERSION = YES;
				GCC_WARN_ABOUT_RETURN_TYPE = YES_ERROR;
				GCC_WARN_UNDECLARED_SELECTOR = YES;
				GCC_WARN_UNINITIALIZED_AUTOS = YES_AGGRESSIVE;
				GCC_WARN_UNUSED_FUNCTION = YES;
				GCC_WARN_UNUSED_VARIABLE = YES;
				IPHONEOS_DEPLOYMENT_TARGET = 9.2;
				MTL_ENABLE_DEBUG_INFO = NO;
				SDKROOT = iphoneos;
				VALIDATE_PRODUCT = YES;
			};
			name = Release;
		};
		FF88FC7A1C868C5500335D11 /* Debug */ = {
			isa = XCBuildConfiguration;
			buildSettings = {
				ASSETCATALOG_COMPILER_APPICON_NAME = AppIcon;
				CODE_SIGN_IDENTITY = "iPhone Developer";
				"CODE_SIGN_IDENTITY[sdk=iphoneos*]" = "iPhone Developer";
				INFOPLIST_FILE = BDS/Info.plist;
				LD_RUNPATH_SEARCH_PATHS = "$(inherited) @executable_path/Frameworks";
				PRODUCT_BUNDLE_IDENTIFIER = truongThang.BDS;
				PRODUCT_NAME = "$(TARGET_NAME)";
				PROVISIONING_PROFILE = "";
			};
			name = Debug;
		};
		FF88FC7B1C868C5500335D11 /* Release */ = {
			isa = XCBuildConfiguration;
			buildSettings = {
				ASSETCATALOG_COMPILER_APPICON_NAME = AppIcon;
				CODE_SIGN_IDENTITY = "iPhone Developer";
				"CODE_SIGN_IDENTITY[sdk=iphoneos*]" = "iPhone Developer";
				INFOPLIST_FILE = BDS/Info.plist;
				LD_RUNPATH_SEARCH_PATHS = "$(inherited) @executable_path/Frameworks";
				PRODUCT_BUNDLE_IDENTIFIER = truongThang.BDS;
				PRODUCT_NAME = "$(TARGET_NAME)";
				PROVISIONING_PROFILE = "";
			};
			name = Release;
		};
/* End XCBuildConfiguration section */

/* Begin XCConfigurationList section */
		FF88FC5F1C868C5500335D11 /* Build configuration list for PBXProject "BDS" */ = {
			isa = XCConfigurationList;
			buildConfigurations = (
				FF88FC771C868C5500335D11 /* Debug */,
				FF88FC781C868C5500335D11 /* Release */,
			);
			defaultConfigurationIsVisible = 0;
			defaultConfigurationName = Release;
		};
		FF88FC791C868C5500335D11 /* Build configuration list for PBXNativeTarget "BDS" */ = {
			isa = XCConfigurationList;
			buildConfigurations = (
				FF88FC7A1C868C5500335D11 /* Debug */,
				FF88FC7B1C868C5500335D11 /* Release */,
			);
			defaultConfigurationIsVisible = 0;
		};
/* End XCConfigurationList section */

/* Begin XCVersionGroup section */
		FF88FC6E1C868C5500335D11 /* BDS.xcdatamodeld */ = {
			isa = XCVersionGroup;
			children = (
				FF88FC6F1C868C5500335D11 /* BDS.xcdatamodel */,
			);
			currentVersion = FF88FC6F1C868C5500335D11 /* BDS.xcdatamodel */;
			path = BDS.xcdatamodeld;
			sourceTree = "<group>";
			versionGroupType = wrapper.xcdatamodel;
		};
/* End XCVersionGroup section */
	};
	rootObject = FF88FC5C1C868C5500335D11 /* Project object */;
}
